
Microsoft Visual Studio Solution File, Format Version 12.00
Project("{FAE04EC0-301F-11D3-BF4B-00C04F79EFBC}") = "se-currency-converter-grpc", "se-currency-converter-grpc\se-currency-converter-grpc.csproj", "{BBF592A4-B887-4670-8C46-08B3D077BE88}"
EndProject
Global
	GlobalSection(SolutionConfigurationPlatforms) = preSolution
		Debug|Any CPU = Debug|Any CPU
		Release|Any CPU = Release|Any CPU
	EndGlobalSection
	GlobalSection(ProjectConfigurationPlatforms) = postSolution
		{BBF592A4-B887-4670-8C46-08B3D077BE88}.Debug|Any CPU.ActiveCfg = Debug|Any CPU
		{BBF592A4-B887-4670-8C46-08B3D077BE88}.Debug|Any CPU.Build.0 = Debug|Any CPU
		{BBF592A4-B887-4670-8C46-08B3D077BE88}.Release|Any CPU.ActiveCfg = Release|Any CPU
		{BBF592A4-B887-4670-8C46-08B3D077BE88}.Release|Any CPU.Build.0 = Release|Any CPU
	EndGlobalSection
EndGlobal
